
Microsoft Visual Studio Solution File, Format Version 12.00
# Visual Studio 15
VisualStudioVersion = 15.0.26730.16
MinimumVisualStudioVersion = 10.0.40219.1
Project("{FAE04EC0-301F-11D3-BF4B-00C04F79EFBC}") = "Goruntu_Isleme_Uygulaması", "Goruntu_Isleme_Uygulaması\Goruntu_Isleme_Uygulaması.csproj", "{AD1D2E7D-56F2-4ECD-9C56-E18D651A919E}"
EndProject
Global
	GlobalSection(SolutionConfigurationPlatforms) = preSolution
		Debug|Any CPU = Debug|Any CPU
		Release|Any CPU = Release|Any CPU
	EndGlobalSection
	GlobalSection(ProjectConfigurationPlatforms) = postSolution
		{AD1D2E7D-56F2-4ECD-9C56-E18D651A919E}.Debug|Any CPU.ActiveCfg = Debug|Any CPU
		{AD1D2E7D-56F2-4ECD-9C56-E18D651A919E}.Debug|Any CPU.Build.0 = Debug|Any CPU
		{AD1D2E7D-56F2-4ECD-9C56-E18D651A919E}.Release|Any CPU.ActiveCfg = Release|Any CPU
		{AD1D2E7D-56F2-4ECD-9C56-E18D651A919E}.Release|Any CPU.Build.0 = Release|Any CPU
	EndGlobalSection
	GlobalSection(SolutionProperties) = preSolution
		HideSolutionNode = FALSE
	EndGlobalSection
	GlobalSection(ExtensibilityGlobals) = postSolution
		SolutionGuid = {B90B3541-0A2A-4A9A-86FA-549738DEDD94}
	EndGlobalSection
EndGlobal
